
Microsoft Visual Studio Solution File, Format Version 12.00
# Visual Studio 15
VisualStudioVersion = 15.0.27703.2035
MinimumVisualStudioVersion = 10.0.40219.1
Project("{FAE04EC0-301F-11D3-BF4B-00C04F79EFBC}") = "TesteAPI", "TesteAPI\TesteAPI.csproj", "{CC235ECB-9C8D-49C9-B761-6EAC1ACF6B05}"
EndProject
Global
	GlobalSection(SolutionConfigurationPlatforms) = preSolution
		Debug|Any CPU = Debug|Any CPU
		Release|Any CPU = Release|Any CPU
	EndGlobalSection
	GlobalSection(ProjectConfigurationPlatforms) = postSolution
		{CC235ECB-9C8D-49C9-B761-6EAC1ACF6B05}.Debug|Any CPU.ActiveCfg = Debug|Any CPU
		{CC235ECB-9C8D-49C9-B761-6EAC1ACF6B05}.Debug|Any CPU.Build.0 = Debug|Any CPU
		{CC235ECB-9C8D-49C9-B761-6EAC1ACF6B05}.Release|Any CPU.ActiveCfg = Release|Any CPU
		{CC235ECB-9C8D-49C9-B761-6EAC1ACF6B05}.Release|Any CPU.Build.0 = Release|Any CPU
	EndGlobalSection
	GlobalSection(SolutionProperties) = preSolution
		HideSolutionNode = FALSE
	EndGlobalSection
	GlobalSection(ExtensibilityGlobals) = postSolution
		SolutionGuid = {239BECF8-1EFB-48AA-8E86-4080C374E21E}
	EndGlobalSection
EndGlobal
